<?xml version="1.0" encoding="UTF-8" standalone="yes" ?>
<CodeBlocks_project_file>
   <FileVersion major="1" minor="6" />
   <Project>
      <Option title="LostMiner" />
      <Option makefile_is_custom="1" />
      <Option compiler="gcc" />
      <Option virtualFolders="CMake Files\;" />
      <Build>
      <Target title="all">
         <Option working_dir="/home/sosnov/works/cpp/SFML/LostMiner/release" />
         <Option type="4" />
         <MakeCommands>
            <Build command="/bin/gmake -f &quot;/home/sosnov/works/cpp/SFML/LostMiner/release/Makefile&quot;  VERBOSE=1 all" />
            <CompileFile command="/bin/gmake -f &quot;/home/sosnov/works/cpp/SFML/LostMiner/release/Makefile&quot;  VERBOSE=1 &quot;$file&quot;" />
            <Clean command="/bin/gmake -f &quot;/home/sosnov/works/cpp/SFML/LostMiner/release/Makefile&quot;  VERBOSE=1 clean" />
            <DistClean command="/bin/gmake -f &quot;/home/sosnov/works/cpp/SFML/LostMiner/release/Makefile&quot;  VERBOSE=1 clean" />
         </MakeCommands>
      </Target>
      <Target title="LostMiner">
         <Option output="/home/sosnov/works/cpp/SFML/LostMiner/release/LostMiner" prefix_auto="0" extension_auto="0" />
         <Option working_dir="/home/sosnov/works/cpp/SFML/LostMiner/release" />
         <Option object_output="./" />
         <Option type="1" />
         <Option compiler="gcc" />
         <Compiler>
            <Add directory="/usr/include" />
            <Add directory="/usr/lib/gcc/x86_64-redhat-linux/4.8.3/../../../../include/c++/4.8.3" />
            <Add directory="/usr/lib/gcc/x86_64-redhat-linux/4.8.3/../../../../include/c++/4.8.3/backward" />
            <Add directory="/usr/lib/gcc/x86_64-redhat-linux/4.8.3/../../../../include/c++/4.8.3/x86_64-redhat-linux" />
            <Add directory="/usr/lib/gcc/x86_64-redhat-linux/4.8.3/include" />
            <Add directory="/usr/local/include" />
         </Compiler>
         <MakeCommands>
            <Build command="/bin/gmake -f &quot;/home/sosnov/works/cpp/SFML/LostMiner/release/Makefile&quot;  VERBOSE=1 LostMiner" />
            <CompileFile command="/bin/gmake -f &quot;/home/sosnov/works/cpp/SFML/LostMiner/release/Makefile&quot;  VERBOSE=1 &quot;$file&quot;" />
            <Clean command="/bin/gmake -f &quot;/home/sosnov/works/cpp/SFML/LostMiner/release/Makefile&quot;  VERBOSE=1 clean" />
            <DistClean command="/bin/gmake -f &quot;/home/sosnov/works/cpp/SFML/LostMiner/release/Makefile&quot;  VERBOSE=1 clean" />
         </MakeCommands>
      </Target>
      <Target title="LostMiner/fast">
         <Option output="/home/sosnov/works/cpp/SFML/LostMiner/release/LostMiner" prefix_auto="0" extension_auto="0" />
         <Option working_dir="/home/sosnov/works/cpp/SFML/LostMiner/release" />
         <Option object_output="./" />
         <Option type="1" />
         <Option compiler="gcc" />
         <Compiler>
            <Add directory="/usr/include" />
            <Add directory="/usr/lib/gcc/x86_64-redhat-linux/4.8.3/../../../../include/c++/4.8.3" />
            <Add directory="/usr/lib/gcc/x86_64-redhat-linux/4.8.3/../../../../include/c++/4.8.3/backward" />
            <Add directory="/usr/lib/gcc/x86_64-redhat-linux/4.8.3/../../../../include/c++/4.8.3/x86_64-redhat-linux" />
            <Add directory="/usr/lib/gcc/x86_64-redhat-linux/4.8.3/include" />
            <Add directory="/usr/local/include" />
         </Compiler>
         <MakeCommands>
            <Build command="/bin/gmake -f &quot;/home/sosnov/works/cpp/SFML/LostMiner/release/Makefile&quot;  VERBOSE=1 LostMiner/fast" />
            <CompileFile command="/bin/gmake -f &quot;/home/sosnov/works/cpp/SFML/LostMiner/release/Makefile&quot;  VERBOSE=1 &quot;$file&quot;" />
            <Clean command="/bin/gmake -f &quot;/home/sosnov/works/cpp/SFML/LostMiner/release/Makefile&quot;  VERBOSE=1 clean" />
            <DistClean command="/bin/gmake -f &quot;/home/sosnov/works/cpp/SFML/LostMiner/release/Makefile&quot;  VERBOSE=1 clean" />
         </MakeCommands>
      </Target>
      <Target title="rebuild_cache">
         <Option working_dir="/home/sosnov/works/cpp/SFML/LostMiner/release" />
         <Option type="4" />
         <MakeCommands>
            <Build command="/bin/gmake -f &quot;/home/sosnov/works/cpp/SFML/LostMiner/release/Makefile&quot;  VERBOSE=1 rebuild_cache" />
            <CompileFile command="/bin/gmake -f &quot;/home/sosnov/works/cpp/SFML/LostMiner/release/Makefile&quot;  VERBOSE=1 &quot;$file&quot;" />
            <Clean command="/bin/gmake -f &quot;/home/sosnov/works/cpp/SFML/LostMiner/release/Makefile&quot;  VERBOSE=1 clean" />
            <DistClean command="/bin/gmake -f &quot;/home/sosnov/works/cpp/SFML/LostMiner/release/Makefile&quot;  VERBOSE=1 clean" />
         </MakeCommands>
      </Target>
      </Build>
      <Unit filename="/home/sosnov/works/cpp/SFML/LostMiner/main.cpp">
      </Unit>
      <Unit filename="/home/sosnov/works/cpp/SFML/LostMiner/CMakeLists.txt">
          <Option virtualFolder="CMake Files\" />
      </Unit>
   </Project>
</CodeBlocks_project_file>
